# This file is automatically @generated by Cargo.
# It is not intended for manual editing.
version = 4

[[package]]
name = "ifol-app-core"
version = "0.1.0"

[[package]]
name = "ifol-asset"
version = "0.1.0"

[[package]]
name = "ifol-ecs"
version = "0.1.0"

[[package]]
name = "ifol-gpu"
version = "0.1.0"

[[package]]
name = "ifol-math"
version = "0.1.0"

[[package]]
name = "mcp-core"
version = "0.1.0"

[[package]]
name = "mcp-server-cli"
version = "0.1.0"

[[package]]
name = "plugin-nodes"
version = "0.1.0"

[[package]]
name = "plugin-shaders"
version = "0.1.0"

[[package]]
name = "studio-desktop"
version = "0.1.0"

[[package]]
name = "studio-web"
version = "0.1.0"
